
Microsoft Visual Studio Solution File, Format Version 12.00
# Visual Studio Version 16
VisualStudioVersion = 16.0.31005.135
MinimumVisualStudioVersion = 10.0.40219.1
Project("{9A19103F-16F7-4668-BE54-9A1E7A4F7556}") = "ConsoleApp", "ConsoleApp\ConsoleApp.csproj", "{A913D4EA-B8B1-463A-8DBC-564062E970EE}"
EndProject
Project("{9A19103F-16F7-4668-BE54-9A1E7A4F7556}") = "Lib", "Lib\Lib.csproj", "{DBEB9D42-D084-4052-83FF-4084A795F586}"
EndProject
Project("{9A19103F-16F7-4668-BE54-9A1E7A4F7556}") = "Test", "Test\Test.csproj", "{F6E9D53A-D00D-4F44-B26E-B15CDF544D37}"
EndProject
Global
	GlobalSection(SolutionConfigurationPlatforms) = preSolution
		Debug|Any CPU = Debug|Any CPU
		Release|Any CPU = Release|Any CPU
	EndGlobalSection
	GlobalSection(ProjectConfigurationPlatforms) = postSolution
		{A913D4EA-B8B1-463A-8DBC-564062E970EE}.Debug|Any CPU.ActiveCfg = Debug|Any CPU
		{A913D4EA-B8B1-463A-8DBC-564062E970EE}.Debug|Any CPU.Build.0 = Debug|Any CPU
		{A913D4EA-B8B1-463A-8DBC-564062E970EE}.Release|Any CPU.ActiveCfg = Release|Any CPU
		{A913D4EA-B8B1-463A-8DBC-564062E970EE}.Release|Any CPU.Build.0 = Release|Any CPU
		{DBEB9D42-D084-4052-83FF-4084A795F586}.Debug|Any CPU.ActiveCfg = Debug|Any CPU
		{DBEB9D42-D084-4052-83FF-4084A795F586}.Debug|Any CPU.Build.0 = Debug|Any CPU
		{DBEB9D42-D084-4052-83FF-4084A795F586}.Release|Any CPU.ActiveCfg = Release|Any CPU
		{DBEB9D42-D084-4052-83FF-4084A795F586}.Release|Any CPU.Build.0 = Release|Any CPU
		{F6E9D53A-D00D-4F44-B26E-B15CDF544D37}.Debug|Any CPU.ActiveCfg = Debug|Any CPU
		{F6E9D53A-D00D-4F44-B26E-B15CDF544D37}.Debug|Any CPU.Build.0 = Debug|Any CPU
		{F6E9D53A-D00D-4F44-B26E-B15CDF544D37}.Release|Any CPU.ActiveCfg = Release|Any CPU
		{F6E9D53A-D00D-4F44-B26E-B15CDF544D37}.Release|Any CPU.Build.0 = Release|Any CPU
	EndGlobalSection
	GlobalSection(SolutionProperties) = preSolution
		HideSolutionNode = FALSE
	EndGlobalSection
	GlobalSection(ExtensibilityGlobals) = postSolution
		SolutionGuid = {4BD76BF4-13EB-40B5-9C63-BB54396FCAAE}
	EndGlobalSection
EndGlobal
